
Microsoft Visual Studio Solution File, Format Version 12.00
# Visual Studio 15
VisualStudioVersion = 15.0.26403.3
MinimumVisualStudioVersion = 10.0.40219.1
Project("{FAE04EC0-301F-11D3-BF4B-00C04F79EFBC}") = "DetectFileType", "DetectFileType\DetectFileType.csproj", "{FDFAF78D-04F5-4929-98FC-A0A177138DF1}"
EndProject
Global
	GlobalSection(SolutionConfigurationPlatforms) = preSolution
		Debug|Any CPU = Debug|Any CPU
		Release|Any CPU = Release|Any CPU
	EndGlobalSection
	GlobalSection(ProjectConfigurationPlatforms) = postSolution
		{FDFAF78D-04F5-4929-98FC-A0A177138DF1}.Debug|Any CPU.ActiveCfg = Debug|Any CPU
		{FDFAF78D-04F5-4929-98FC-A0A177138DF1}.Debug|Any CPU.Build.0 = Debug|Any CPU
		{FDFAF78D-04F5-4929-98FC-A0A177138DF1}.Release|Any CPU.ActiveCfg = Release|Any CPU
		{FDFAF78D-04F5-4929-98FC-A0A177138DF1}.Release|Any CPU.Build.0 = Release|Any CPU
	EndGlobalSection
	GlobalSection(SolutionProperties) = preSolution
		HideSolutionNode = FALSE
	EndGlobalSection
EndGlobal
